// !$*UTF8*$!
{
	archiveVersion = 1;
	classes = {
	};
	objectVersion = 56;
	objects = {

/* Begin PBXBuildFile section */
		B41BA3F829B1BC1A0001C9B9 /* NavigationBar.swift in Sources */ = {isa = PBXBuildFile; fileRef = B41BA3F729B1BC1A0001C9B9 /* NavigationBar.swift */; };
		B41BA3FA29B1C5E90001C9B9 /* WeatherView.swift in Sources */ = {isa = PBXBuildFile; fileRef = B41BA3F929B1C5E90001C9B9 /* WeatherView.swift */; };
		B41BA3FC29B1C9D90001C9B9 /* WeatherWidget.swift in Sources */ = {isa = PBXBuildFile; fileRef = B41BA3FB29B1C9D90001C9B9 /* WeatherWidget.swift */; };
		B4B01AC629AD0AA40072B59B /* Weather_AppApp.swift in Sources */ = {isa = PBXBuildFile; fileRef = B4B01AC529AD0AA40072B59B /* Weather_AppApp.swift */; };
		B4B01AC829AD0AA40072B59B /* ContentView.swift in Sources */ = {isa = PBXBuildFile; fileRef = B4B01AC729AD0AA40072B59B /* ContentView.swift */; };
		B4B01ACA29AD0AA60072B59B /* Assets.xcassets in Resources */ = {isa = PBXBuildFile; fileRef = B4B01AC929AD0AA60072B59B /* Assets.xcassets */; };
		B4B01ACD29AD0AA60072B59B /* Preview Assets.xcassets in Resources */ = {isa = PBXBuildFile; fileRef = B4B01ACC29AD0AA60072B59B /* Preview Assets.xcassets */; };
		B4B01ADD29AD12480072B59B /* Extensions.swift in Sources */ = {isa = PBXBuildFile; fileRef = B4B01ADC29AD12480072B59B /* Extensions.swift */; };
		B4B01ADF29AD12A90072B59B /* HomeView.swift in Sources */ = {isa = PBXBuildFile; fileRef = B4B01ADE29AD12A90072B59B /* HomeView.swift */; };
		B4B01AE129AD1F370072B59B /* TabBar.swift in Sources */ = {isa = PBXBuildFile; fileRef = B4B01AE029AD1F370072B59B /* TabBar.swift */; };
		B4B01AE329AD27480072B59B /* Shapes.swift in Sources */ = {isa = PBXBuildFile; fileRef = B4B01AE229AD27480072B59B /* Shapes.swift */; };
		B4B01AE629AD3C4D0072B59B /* BottomSheet in Frameworks */ = {isa = PBXBuildFile; productRef = B4B01AE529AD3C4D0072B59B /* BottomSheet */; };
		B4D9958229AD99EE00C97617 /* ForecastView.swift in Sources */ = {isa = PBXBuildFile; fileRef = B4D9958129AD99EE00C97617 /* ForecastView.swift */; };
		B4D9958429ADBC5000C97617 /* Blur.swift in Sources */ = {isa = PBXBuildFile; fileRef = B4D9958329ADBC5000C97617 /* Blur.swift */; };
		B4ED360529B0423C000D12A3 /* SegmentedControl.swift in Sources */ = {isa = PBXBuildFile; fileRef = B4ED360429B0423C000D12A3 /* SegmentedControl.swift */; };
		B4ED360729B05335000D12A3 /* ForecastModel.swift in Sources */ = {isa = PBXBuildFile; fileRef = B4ED360629B05335000D12A3 /* ForecastModel.swift */; };
		B4ED360929B06141000D12A3 /* ForecastCard.swift in Sources */ = {isa = PBXBuildFile; fileRef = B4ED360829B06141000D12A3 /* ForecastCard.swift */; };
/* End PBXBuildFile section */

/* Begin PBXFileReference section */
		B41BA3F729B1BC1A0001C9B9 /* NavigationBar.swift */ = {isa = PBXFileReference; lastKnownFileType = sourcecode.swift; path = NavigationBar.swift; sourceTree = "<group>"; };
		B41BA3F929B1C5E90001C9B9 /* WeatherView.swift */ = {isa = PBXFileReference; lastKnownFileType = sourcecode.swift; path = WeatherView.swift; sourceTree = "<group>"; };
		B41BA3FB29B1C9D90001C9B9 /* WeatherWidget.swift */ = {isa = PBXFileReference; lastKnownFileType = sourcecode.swift; path = WeatherWidget.swift; sourceTree = "<group>"; };
		B4B01AC229AD0AA40072B59B /* Weather App.app */ = {isa = PBXFileReference; explicitFileType = wrapper.application; includeInIndex = 0; path = "Weather App.app"; sourceTree = BUILT_PRODUCTS_DIR; };
		B4B01AC529AD0AA40072B59B /* Weather_AppApp.swift */ = {isa = PBXFileReference; lastKnownFileType = sourcecode.swift; path = Weather_AppApp.swift; sourceTree = "<group>"; };
		B4B01AC729AD0AA40072B59B /* ContentView.swift */ = {isa = PBXFileReference; lastKnownFileType = sourcecode.swift; path = ContentView.swift; sourceTree = "<group>"; };
		B4B01AC929AD0AA60072B59B /* Assets.xcassets */ = {isa = PBXFileReference; lastKnownFileType = folder.assetcatalog; path = Assets.xcassets; sourceTree = "<group>"; };
		B4B01ACC29AD0AA60072B59B /* Preview Assets.xcassets */ = {isa = PBXFileReference; lastKnownFileType = folder.assetcatalog; path = "Preview Assets.xcassets"; sourceTree = "<group>"; };
		B4B01ADC29AD12480072B59B /* Extensions.swift */ = {isa = PBXFileReference; fileEncoding = 4; lastKnownFileType = sourcecode.swift; name = Extensions.swift; path = "../../../../Downloads/Assets/SwiftUI Weather/Resources/Extensions.swift"; sourceTree = "<group>"; };
		B4B01ADE29AD12A90072B59B /* HomeView.swift */ = {isa = PBXFileReference; lastKnownFileType = sourcecode.swift; path = HomeView.swift; sourceTree = "<group>"; };
		B4B01AE029AD1F370072B59B /* TabBar.swift */ = {isa = PBXFileReference; lastKnownFileType = sourcecode.swift; path = TabBar.swift; sourceTree = "<group>"; };
		B4B01AE229AD27480072B59B /* Shapes.swift */ = {isa = PBXFileReference; lastKnownFileType = sourcecode.swift; path = Shapes.swift; sourceTree = "<group>"; };
		B4D9958129AD99EE00C97617 /* ForecastView.swift */ = {isa = PBXFileReference; lastKnownFileType = sourcecode.swift; path = ForecastView.swift; sourceTree = "<group>"; };
		B4D9958329ADBC5000C97617 /* Blur.swift */ = {isa = PBXFileReference; lastKnownFileType = sourcecode.swift; path = Blur.swift; sourceTree = "<group>"; };
		B4ED360429B0423C000D12A3 /* SegmentedControl.swift */ = {isa = PBXFileReference; lastKnownFileType = sourcecode.swift; path = SegmentedControl.swift; sourceTree = "<group>"; };
		B4ED360629B05335000D12A3 /* ForecastModel.swift */ = {isa = PBXFileReference; lastKnownFileType = sourcecode.swift; path = ForecastModel.swift; sourceTree = "<group>"; };
		B4ED360829B06141000D12A3 /* ForecastCard.swift */ = {isa = PBXFileReference; lastKnownFileType = sourcecode.swift; path = ForecastCard.swift; sourceTree = "<group>"; };
/* End PBXFileReference section */

/* Begin PBXFrameworksBuildPhase section */
		B4B01ABF29AD0AA40072B59B /* Frameworks */ = {
			isa = PBXFrameworksBuildPhase;
			buildActionMask = 2147483647;
			files = (
				B4B01AE629AD3C4D0072B59B /* BottomSheet in Frameworks */,
			);
			runOnlyForDeploymentPostprocessing = 0;
		};
/* End PBXFrameworksBuildPhase section */

/* Begin PBXGroup section */
		B4B01AB929AD0AA40072B59B = {
			isa = PBXGroup;
			children = (
				B4B01AC429AD0AA40072B59B /* Weather App */,
				B4B01AC329AD0AA40072B59B /* Products */,
			);
			sourceTree = "<group>";
		};
		B4B01AC329AD0AA40072B59B /* Products */ = {
			isa = PBXGroup;
			children = (
				B4B01AC229AD0AA40072B59B /* Weather App.app */,
			);
			name = Products;
			sourceTree = "<group>";
		};
		B4B01AC429AD0AA40072B59B /* Weather App */ = {
			isa = PBXGroup;
			children = (
				B4B01AD329AD0CE90072B59B /* View */,
				B4B01AD429AD0CF30072B59B /* Models */,
				B4B01AD529AD0CFE0072B59B /* Utils */,
				B4B01AC529AD0AA40072B59B /* Weather_AppApp.swift */,
				B4B01AC929AD0AA60072B59B /* Assets.xcassets */,
				B4B01ACB29AD0AA60072B59B /* Preview Content */,
			);
			path = "Weather App";
			sourceTree = "<group>";
		};
		B4B01ACB29AD0AA60072B59B /* Preview Content */ = {
			isa = PBXGroup;
			children = (
				B4B01ACC29AD0AA60072B59B /* Preview Assets.xcassets */,
			);
			path = "Preview Content";
			sourceTree = "<group>";
		};
		B4B01AD329AD0CE90072B59B /* View */ = {
			isa = PBXGroup;
			children = (
				B4B01AD629AD0D310072B59B /* Main */,
				B4B01AD929AD0F150072B59B /* Components */,
				B4B01AD829AD0D460072B59B /* Detail */,
				B4B01AD729AD0D3A0072B59B /* Navigation */,
			);
			path = View;
			sourceTree = "<group>";
		};
		B4B01AD429AD0CF30072B59B /* Models */ = {
			isa = PBXGroup;
			children = (
				B4ED360629B05335000D12A3 /* ForecastModel.swift */,
			);
			path = Models;
			sourceTree = "<group>";
		};
		B4B01AD529AD0CFE0072B59B /* Utils */ = {
			isa = PBXGroup;
			children = (
				B4B01ADC29AD12480072B59B /* Extensions.swift */,
				B4B01AE229AD27480072B59B /* Shapes.swift */,
			);
			path = Utils;
			sourceTree = "<group>";
		};
		B4B01AD629AD0D310072B59B /* Main */ = {
			isa = PBXGroup;
			children = (
				B4B01AC729AD0AA40072B59B /* ContentView.swift */,
				B4B01ADE29AD12A90072B59B /* HomeView.swift */,
			);
			path = Main;
			sourceTree = "<group>";
		};
		B4B01AD729AD0D3A0072B59B /* Navigation */ = {
			isa = PBXGroup;
			children = (
				B4B01AE029AD1F370072B59B /* TabBar.swift */,
				B41BA3F729B1BC1A0001C9B9 /* NavigationBar.swift */,
			);
			path = Navigation;
			sourceTree = "<group>";
		};
		B4B01AD829AD0D460072B59B /* Detail */ = {
			isa = PBXGroup;
			children = (
				B4D9958129AD99EE00C97617 /* ForecastView.swift */,
				B41BA3F929B1C5E90001C9B9 /* WeatherView.swift */,
			);
			path = Detail;
			sourceTree = "<group>";
		};
		B4B01AD929AD0F150072B59B /* Components */ = {
			isa = PBXGroup;
			children = (
				B4D9958329ADBC5000C97617 /* Blur.swift */,
				B4ED360429B0423C000D12A3 /* SegmentedControl.swift */,
				B4ED360829B06141000D12A3 /* ForecastCard.swift */,
				B41BA3FB29B1C9D90001C9B9 /* WeatherWidget.swift */,
			);
			path = Components;
			sourceTree = "<group>";
		};
/* End PBXGroup section */

/* Begin PBXNativeTarget section */
		B4B01AC129AD0AA40072B59B /* Weather App */ = {
			isa = PBXNativeTarget;
			buildConfigurationList = B4B01AD029AD0AA60072B59B /* Build configuration list for PBXNativeTarget "Weather App" */;
			buildPhases = (
				B4B01ABE29AD0AA40072B59B /* Sources */,
				B4B01ABF29AD0AA40072B59B /* Frameworks */,
				B4B01AC029AD0AA40072B59B /* Resources */,
			);
			buildRules = (
			);
			dependencies = (
			);
			name = "Weather App";
			packageProductDependencies = (
				B4B01AE529AD3C4D0072B59B /* BottomSheet */,
			);
			productName = "Weather App";
			productReference = B4B01AC229AD0AA40072B59B /* Weather App.app */;
			productType = "com.apple.product-type.application";
		};
/* End PBXNativeTarget section */

/* Begin PBXProject section */
		B4B01ABA29AD0AA40072B59B /* Project object */ = {
			isa = PBXProject;
			attributes = {
				BuildIndependentTargetsInParallel = 1;
				LastSwiftUpdateCheck = 1420;
				LastUpgradeCheck = 1420;
				TargetAttributes = {
					B4B01AC129AD0AA40072B59B = {
						CreatedOnToolsVersion = 14.2;
					};
				};
			};
			buildConfigurationList = B4B01ABD29AD0AA40072B59B /* Build configuration list for PBXProject "Weather App" */;
			compatibilityVersion = "Xcode 14.0";
			developmentRegion = en;
			hasScannedForEncodings = 0;
			knownRegions = (
				en,
				Base,
			);
			mainGroup = B4B01AB929AD0AA40072B59B;
			packageReferences = (
				B4B01AE429AD3C4D0072B59B /* XCRemoteSwiftPackageReference "BottomSheet" */,
			);
			productRefGroup = B4B01AC329AD0AA40072B59B /* Products */;
			projectDirPath = "";
			projectRoot = "";
			targets = (
				B4B01AC129AD0AA40072B59B /* Weather App */,
			);
		};
/* End PBXProject section */

/* Begin PBXResourcesBuildPhase section */
		B4B01AC029AD0AA40072B59B /* Resources */ = {
			isa = PBXResourcesBuildPhase;
			buildActionMask = 2147483647;
			files = (
				B4B01ACD29AD0AA60072B59B /* Preview Assets.xcassets in Resources */,
				B4B01ACA29AD0AA60072B59B /* Assets.xcassets in Resources */,
			);
			runOnlyForDeploymentPostprocessing = 0;
		};
/* End PBXResourcesBuildPhase section */

/* Begin PBXSourcesBuildPhase section */
		B4B01ABE29AD0AA40072B59B /* Sources */ = {
			isa = PBXSourcesBuildPhase;
			buildActionMask = 2147483647;
			files = (
				B41BA3FC29B1C9D90001C9B9 /* WeatherWidget.swift in Sources */,
				B4ED360929B06141000D12A3 /* ForecastCard.swift in Sources */,
				B4B01AC829AD0AA40072B59B /* ContentView.swift in Sources */,
				B4ED360529B0423C000D12A3 /* SegmentedControl.swift in Sources */,
				B4B01ADF29AD12A90072B59B /* HomeView.swift in Sources */,
				B4D9958429ADBC5000C97617 /* Blur.swift in Sources */,
				B41BA3FA29B1C5E90001C9B9 /* WeatherView.swift in Sources */,
				B4B01AC629AD0AA40072B59B /* Weather_AppApp.swift in Sources */,
				B4B01ADD29AD12480072B59B /* Extensions.swift in Sources */,
				B4D9958229AD99EE00C97617 /* ForecastView.swift in Sources */,
				B4B01AE129AD1F370072B59B /* TabBar.swift in Sources */,
				B4ED360729B05335000D12A3 /* ForecastModel.swift in Sources */,
				B4B01AE329AD27480072B59B /* Shapes.swift in Sources */,
				B41BA3F829B1BC1A0001C9B9 /* NavigationBar.swift in Sources */,
			);
			runOnlyForDeploymentPostprocessing = 0;
		};
/* End PBXSourcesBuildPhase section */

/* Begin XCBuildConfiguration section */
		B4B01ACE29AD0AA60072B59B /* Debug */ = {
			isa = XCBuildConfiguration;
			buildSettings = {
				ALWAYS_SEARCH_USER_PATHS = NO;
				CLANG_ANALYZER_NONNULL = YES;
				CLANG_ANALYZER_NUMBER_OBJECT_CONVERSION = YES_AGGRESSIVE;
				CLANG_CXX_LANGUAGE_STANDARD = "gnu++20";
				CLANG_ENABLE_MODULES = YES;
				CLANG_ENABLE_OBJC_ARC = YES;
				CLANG_ENABLE_OBJC_WEAK = YES;
				CLANG_WARN_BLOCK_CAPTURE_AUTORELEASING = YES;
				CLANG_WARN_BOOL_CONVERSION = YES;
				CLANG_WARN_COMMA = YES;
				CLANG_WARN_CONSTANT_CONVERSION = YES;
				CLANG_WARN_DEPRECATED_OBJC_IMPLEMENTATIONS = YES;
				CLANG_WARN_DIRECT_OBJC_ISA_USAGE = YES_ERROR;
				CLANG_WARN_DOCUMENTATION_COMMENTS = YES;
				CLANG_WARN_EMPTY_BODY = YES;
				CLANG_WARN_ENUM_CONVERSION = YES;
				CLANG_WARN_INFINITE_RECURSION = YES;
				CLANG_WARN_INT_CONVERSION = YES;
				CLANG_WARN_NON_LITERAL_NULL_CONVERSION = YES;
				CLANG_WARN_OBJC_IMPLICIT_RETAIN_SELF = YES;
				CLANG_WARN_OBJC_LITERAL_CONVERSION = YES;
				CLANG_WARN_OBJC_ROOT_CLASS = YES_ERROR;
				CLANG_WARN_QUOTED_INCLUDE_IN_FRAMEWORK_HEADER = YES;
				CLANG_WARN_RANGE_LOOP_ANALYSIS = YES;
				CLANG_WARN_STRICT_PROTOTYPES = YES;
				CLANG_WARN_SUSPICIOUS_MOVE = YES;
				CLANG_WARN_UNGUARDED_AVAILABILITY = YES_AGGRESSIVE;
				CLANG_WARN_UNREACHABLE_CODE = YES;
				CLANG_WARN__DUPLICATE_METHOD_MATCH = YES;
				COPY_PHASE_STRIP = NO;
				DEBUG_INFORMATION_FORMAT = dwarf;
				ENABLE_STRICT_OBJC_MSGSEND = YES;
				ENABLE_TESTABILITY = YES;
				GCC_C_LANGUAGE_STANDARD = gnu11;
				GCC_DYNAMIC_NO_PIC = NO;
				GCC_NO_COMMON_BLOCKS = YES;
				GCC_OPTIMIZATION_LEVEL = 0;
				GCC_PREPROCESSOR_DEFINITIONS = (
					"DEBUG=1",
					"$(inherited)",
				);
				GCC_WARN_64_TO_32_BIT_CONVERSION = YES;
				GCC_WARN_ABOUT_RETURN_TYPE = YES_ERROR;
				GCC_WARN_UNDECLARED_SELECTOR = YES;
				GCC_WARN_UNINITIALIZED_AUTOS = YES_AGGRESSIVE;
				GCC_WARN_UNUSED_FUNCTION = YES;
				GCC_WARN_UNUSED_VARIABLE = YES;
				IPHONEOS_DEPLOYMENT_TARGET = 16.2;
				MTL_ENABLE_DEBUG_INFO = INCLUDE_SOURCE;
				MTL_FAST_MATH = YES;
				ONLY_ACTIVE_ARCH = YES;
				SDKROOT = iphoneos;
				SWIFT_ACTIVE_COMPILATION_CONDITIONS = DEBUG;
				SWIFT_OPTIMIZATION_LEVEL = "-Onone";
			};
			name = Debug;
		};
		B4B01ACF29AD0AA60072B59B /* Release */ = {
			isa = XCBuildConfiguration;
			buildSettings = {
				ALWAYS_SEARCH_USER_PATHS = NO;
				CLANG_ANALYZER_NONNULL = YES;
				CLANG_ANALYZER_NUMBER_OBJECT_CONVERSION = YES_AGGRESSIVE;
				CLANG_CXX_LANGUAGE_STANDARD = "gnu++20";
				CLANG_ENABLE_MODULES = YES;
				CLANG_ENABLE_OBJC_ARC = YES;
				CLANG_ENABLE_OBJC_WEAK = YES;
				CLANG_WARN_BLOCK_CAPTURE_AUTORELEASING = YES;
				CLANG_WARN_BOOL_CONVERSION = YES;
				CLANG_WARN_COMMA = YES;
				CLANG_WARN_CONSTANT_CONVERSION = YES;
				CLANG_WARN_DEPRECATED_OBJC_IMPLEMENTATIONS = YES;
				CLANG_WARN_DIRECT_OBJC_ISA_USAGE = YES_ERROR;
				CLANG_WARN_DOCUMENTATION_COMMENTS = YES;
				CLANG_WARN_EMPTY_BODY = YES;
				CLANG_WARN_ENUM_CONVERSION = YES;
				CLANG_WARN_INFINITE_RECURSION = YES;
				CLANG_WARN_INT_CONVERSION = YES;
				CLANG_WARN_NON_LITERAL_NULL_CONVERSION = YES;
				CLANG_WARN_OBJC_IMPLICIT_RETAIN_SELF = YES;
				CLANG_WARN_OBJC_LITERAL_CONVERSION = YES;
				CLANG_WARN_OBJC_ROOT_CLASS = YES_ERROR;
				CLANG_WARN_QUOTED_INCLUDE_IN_FRAMEWORK_HEADER = YES;
				CLANG_WARN_RANGE_LOOP_ANALYSIS = YES;
				CLANG_WARN_STRICT_PROTOTYPES = YES;
				CLANG_WARN_SUSPICIOUS_MOVE = YES;
				CLANG_WARN_UNGUARDED_AVAILABILITY = YES_AGGRESSIVE;
				CLANG_WARN_UNREACHABLE_CODE = YES;
				CLANG_WARN__DUPLICATE_METHOD_MATCH = YES;
				COPY_PHASE_STRIP = NO;
				DEBUG_INFORMATION_FORMAT = "dwarf-with-dsym";
				ENABLE_NS_ASSERTIONS = NO;
				ENABLE_STRICT_OBJC_MSGSEND = YES;
				GCC_C_LANGUAGE_STANDARD = gnu11;
				GCC_NO_COMMON_BLOCKS = YES;
				GCC_WARN_64_TO_32_BIT_CONVERSION = YES;
				GCC_WARN_ABOUT_RETURN_TYPE = YES_ERROR;
				GCC_WARN_UNDECLARED_SELECTOR = YES;
				GCC_WARN_UNINITIALIZED_AUTOS = YES_AGGRESSIVE;
				GCC_WARN_UNUSED_FUNCTION = YES;
				GCC_WARN_UNUSED_VARIABLE = YES;
				IPHONEOS_DEPLOYMENT_TARGET = 16.2;
				MTL_ENABLE_DEBUG_INFO = NO;
				MTL_FAST_MATH = YES;
				SDKROOT = iphoneos;
				SWIFT_COMPILATION_MODE = wholemodule;
				SWIFT_OPTIMIZATION_LEVEL = "-O";
				VALIDATE_PRODUCT = YES;
			};
			name = Release;
		};
		B4B01AD129AD0AA60072B59B /* Debug */ = {
			isa = XCBuildConfiguration;
			buildSettings = {
				ASSETCATALOG_COMPILER_APPICON_NAME = AppIcon;
				ASSETCATALOG_COMPILER_GLOBAL_ACCENT_COLOR_NAME = AccentColor;
				CODE_SIGN_STYLE = Automatic;
				CURRENT_PROJECT_VERSION = 1;
				DEVELOPMENT_ASSET_PATHS = "\"Weather App/Preview Content\"";
				DEVELOPMENT_TEAM = K3X264YSQ4;
				ENABLE_PREVIEWS = YES;
				GENERATE_INFOPLIST_FILE = YES;
				INFOPLIST_KEY_UIApplicationSceneManifest_Generation = YES;
				INFOPLIST_KEY_UIApplicationSupportsIndirectInputEvents = YES;
				INFOPLIST_KEY_UILaunchScreen_Generation = YES;
				INFOPLIST_KEY_UISupportedInterfaceOrientations_iPad = "UIInterfaceOrientationPortrait UIInterfaceOrientationPortraitUpsideDown UIInterfaceOrientationLandscapeLeft UIInterfaceOrientationLandscapeRight";
				INFOPLIST_KEY_UISupportedInterfaceOrientations_iPhone = "UIInterfaceOrientationPortrait UIInterfaceOrientationLandscapeLeft UIInterfaceOrientationLandscapeRight";
				LD_RUNPATH_SEARCH_PATHS = (
					"$(inherited)",
					"@executable_path/Frameworks",
				);
				MARKETING_VERSION = 1.0;
				PRODUCT_BUNDLE_IDENTIFIER = "yaqrut.com.Weather-App";
				PRODUCT_NAME = "$(TARGET_NAME)";
				SWIFT_EMIT_LOC_STRINGS = YES;
				SWIFT_VERSION = 5.0;
				TARGETED_DEVICE_FAMILY = "1,2";
			};
			name = Debug;
		};
		B4B01AD229AD0AA60072B59B /* Release */ = {
			isa = XCBuildConfiguration;
			buildSettings = {
				ASSETCATALOG_COMPILER_APPICON_NAME = AppIcon;
				ASSETCATALOG_COMPILER_GLOBAL_ACCENT_COLOR_NAME = AccentColor;
				CODE_SIGN_STYLE = Automatic;
				CURRENT_PROJECT_VERSION = 1;
				DEVELOPMENT_ASSET_PATHS = "\"Weather App/Preview Content\"";
				DEVELOPMENT_TEAM = K3X264YSQ4;
				ENABLE_PREVIEWS = YES;
				GENERATE_INFOPLIST_FILE = YES;
				INFOPLIST_KEY_UIApplicationSceneManifest_Generation = YES;
				INFOPLIST_KEY_UIApplicationSupportsIndirectInputEvents = YES;
				INFOPLIST_KEY_UILaunchScreen_Generation = YES;
				INFOPLIST_KEY_UISupportedInterfaceOrientations_iPad = "UIInterfaceOrientationPortrait UIInterfaceOrientationPortraitUpsideDown UIInterfaceOrientationLandscapeLeft UIInterfaceOrientationLandscapeRight";
				INFOPLIST_KEY_UISupportedInterfaceOrientations_iPhone = "UIInterfaceOrientationPortrait UIInterfaceOrientationLandscapeLeft UIInterfaceOrientationLandscapeRight";
				LD_RUNPATH_SEARCH_PATHS = (
					"$(inherited)",
					"@executable_path/Frameworks",
				);
				MARKETING_VERSION = 1.0;
				PRODUCT_BUNDLE_IDENTIFIER = "yaqrut.com.Weather-App";
				PRODUCT_NAME = "$(TARGET_NAME)";
				SWIFT_EMIT_LOC_STRINGS = YES;
				SWIFT_VERSION = 5.0;
				TARGETED_DEVICE_FAMILY = "1,2";
			};
			name = Release;
		};
/* End XCBuildConfiguration section */

/* Begin XCConfigurationList section */
		B4B01ABD29AD0AA40072B59B /* Build configuration list for PBXProject "Weather App" */ = {
			isa = XCConfigurationList;
			buildConfigurations = (
				B4B01ACE29AD0AA60072B59B /* Debug */,
				B4B01ACF29AD0AA60072B59B /* Release */,
			);
			defaultConfigurationIsVisible = 0;
			defaultConfigurationName = Release;
		};
		B4B01AD029AD0AA60072B59B /* Build configuration list for PBXNativeTarget "Weather App" */ = {
			isa = XCConfigurationList;
			buildConfigurations = (
				B4B01AD129AD0AA60072B59B /* Debug */,
				B4B01AD229AD0AA60072B59B /* Release */,
			);
			defaultConfigurationIsVisible = 0;
			defaultConfigurationName = Release;
		};
/* End XCConfigurationList section */

/* Begin XCRemoteSwiftPackageReference section */
		B4B01AE429AD3C4D0072B59B /* XCRemoteSwiftPackageReference "BottomSheet" */ = {
			isa = XCRemoteSwiftPackageReference;
			repositoryURL = "https://github.com/Wouter125/BottomSheet";
			requirement = {
				kind = upToNextMajorVersion;
				minimumVersion = 1.0.0;
			};
		};
/* End XCRemoteSwiftPackageReference section */

/* Begin XCSwiftPackageProductDependency section */
		B4B01AE529AD3C4D0072B59B /* BottomSheet */ = {
			isa = XCSwiftPackageProductDependency;
			package = B4B01AE429AD3C4D0072B59B /* XCRemoteSwiftPackageReference "BottomSheet" */;
			productName = BottomSheet;
		};
/* End XCSwiftPackageProductDependency section */
	};
	rootObject = B4B01ABA29AD0AA40072B59B /* Project object */;
}
